
Microsoft Visual Studio Solution File, Format Version 12.00
# Visual Studio Version 17
VisualStudioVersion = 17.1.32210.238
MinimumVisualStudioVersion = 10.0.40219.1
Project("{FAE04EC0-301F-11D3-BF4B-00C04F79EFBC}") = "PraktikumWeek_14", "PraktikumWeek_14\PraktikumWeek_14.csproj", "{6FDCDD36-F88F-4FD9-92FF-A8A49D7CE3EB}"
EndProject
Global
	GlobalSection(SolutionConfigurationPlatforms) = preSolution
		Debug|Any CPU = Debug|Any CPU
		Release|Any CPU = Release|Any CPU
	EndGlobalSection
	GlobalSection(ProjectConfigurationPlatforms) = postSolution
		{6FDCDD36-F88F-4FD9-92FF-A8A49D7CE3EB}.Debug|Any CPU.ActiveCfg = Debug|Any CPU
		{6FDCDD36-F88F-4FD9-92FF-A8A49D7CE3EB}.Debug|Any CPU.Build.0 = Debug|Any CPU
		{6FDCDD36-F88F-4FD9-92FF-A8A49D7CE3EB}.Release|Any CPU.ActiveCfg = Release|Any CPU
		{6FDCDD36-F88F-4FD9-92FF-A8A49D7CE3EB}.Release|Any CPU.Build.0 = Release|Any CPU
	EndGlobalSection
	GlobalSection(SolutionProperties) = preSolution
		HideSolutionNode = FALSE
	EndGlobalSection
	GlobalSection(ExtensibilityGlobals) = postSolution
		SolutionGuid = {4D728B25-0DCE-42CB-8837-B23FF85CA05A}
	EndGlobalSection
EndGlobal
